
Microsoft Visual Studio Solution File, Format Version 11.00
# Visual Studio 2010
Project("{F184B08F-C81C-45F6-A57F-5ABD9991F28F}") = "InvokeDeadlockExample", "InvokeDeadlockExample.vbproj", "{5FC22E2F-7E00-41C0-8527-E34143B5CB77}"
EndProject
Global
	GlobalSection(SolutionConfigurationPlatforms) = preSolution
		Debug|x86 = Debug|x86
		Release|x86 = Release|x86
	EndGlobalSection
	GlobalSection(ProjectConfigurationPlatforms) = postSolution
		{5FC22E2F-7E00-41C0-8527-E34143B5CB77}.Debug|x86.ActiveCfg = Debug|x86
		{5FC22E2F-7E00-41C0-8527-E34143B5CB77}.Debug|x86.Build.0 = Debug|x86
		{5FC22E2F-7E00-41C0-8527-E34143B5CB77}.Release|x86.ActiveCfg = Release|x86
		{5FC22E2F-7E00-41C0-8527-E34143B5CB77}.Release|x86.Build.0 = Release|x86
	EndGlobalSection
	GlobalSection(SolutionProperties) = preSolution
		HideSolutionNode = FALSE
	EndGlobalSection
EndGlobal
